
Microsoft Visual Studio Solution File, Format Version 12.00
Project("{FAE04EC0-301F-11D3-BF4B-00C04F79EFBC}") = "Slova.Dictionary", "src\Slova.Dictionary\Slova.Dictionary.csproj", "{01CC5654-5EE4-42CB-B46D-6EE52A712391}"
EndProject
Project("{FAE04EC0-301F-11D3-BF4B-00C04F79EFBC}") = "Slova.Dictionary.Db", "src\Slova.Dictionary.Db\Slova.Dictionary.Db.csproj", "{07C7C477-1D20-4D6F-AAA0-5BB52AAFEA12}"
EndProject
Project("{FAE04EC0-301F-11D3-BF4B-00C04F79EFBC}") = "Slova.Dictionary.Repos", "src\Slova.Dictionary.Repos\Slova.Dictionary.Repos.csproj", "{DA1148F1-C2FD-495E-99F8-FDFB8E988CCE}"
EndProject
Project("{2150E333-8FDC-42A3-9474-1A3956D46DE8}") = "test", "test", "{56F7B152-2D5F-44EF-AF7C-E699FB440CD2}"
EndProject
Project("{2150E333-8FDC-42A3-9474-1A3956D46DE8}") = "src", "src", "{4C85B671-30E0-4BD3-A9C3-147F811C1CC7}"
EndProject
Global
	GlobalSection(SolutionConfigurationPlatforms) = preSolution
		Debug|Any CPU = Debug|Any CPU
		Release|Any CPU = Release|Any CPU
	EndGlobalSection
	GlobalSection(ProjectConfigurationPlatforms) = postSolution
		{01CC5654-5EE4-42CB-B46D-6EE52A712391}.Debug|Any CPU.ActiveCfg = Debug|Any CPU
		{01CC5654-5EE4-42CB-B46D-6EE52A712391}.Debug|Any CPU.Build.0 = Debug|Any CPU
		{01CC5654-5EE4-42CB-B46D-6EE52A712391}.Release|Any CPU.ActiveCfg = Release|Any CPU
		{01CC5654-5EE4-42CB-B46D-6EE52A712391}.Release|Any CPU.Build.0 = Release|Any CPU
		{07C7C477-1D20-4D6F-AAA0-5BB52AAFEA12}.Debug|Any CPU.ActiveCfg = Debug|Any CPU
		{07C7C477-1D20-4D6F-AAA0-5BB52AAFEA12}.Debug|Any CPU.Build.0 = Debug|Any CPU
		{07C7C477-1D20-4D6F-AAA0-5BB52AAFEA12}.Release|Any CPU.ActiveCfg = Release|Any CPU
		{07C7C477-1D20-4D6F-AAA0-5BB52AAFEA12}.Release|Any CPU.Build.0 = Release|Any CPU
		{DA1148F1-C2FD-495E-99F8-FDFB8E988CCE}.Debug|Any CPU.ActiveCfg = Debug|Any CPU
		{DA1148F1-C2FD-495E-99F8-FDFB8E988CCE}.Debug|Any CPU.Build.0 = Debug|Any CPU
		{DA1148F1-C2FD-495E-99F8-FDFB8E988CCE}.Release|Any CPU.ActiveCfg = Release|Any CPU
		{DA1148F1-C2FD-495E-99F8-FDFB8E988CCE}.Release|Any CPU.Build.0 = Release|Any CPU
	EndGlobalSection
	GlobalSection(NestedProjects) = preSolution
		{01CC5654-5EE4-42CB-B46D-6EE52A712391} = {4C85B671-30E0-4BD3-A9C3-147F811C1CC7}
		{07C7C477-1D20-4D6F-AAA0-5BB52AAFEA12} = {4C85B671-30E0-4BD3-A9C3-147F811C1CC7}
		{DA1148F1-C2FD-495E-99F8-FDFB8E988CCE} = {4C85B671-30E0-4BD3-A9C3-147F811C1CC7}
	EndGlobalSection
EndGlobal
